// !$*UTF8*$!
{
	archiveVersion = 1;
	classes = {
	};
	objectVersion = 46;
	objects = {

/* Begin PBXBuildFile section */
		0713FC2A1D600EAC0057A15B /* KCPhotoBrowserTests.m in Sources */ = {isa = PBXBuildFile; fileRef = 0713FC291D600EAC0057A15B /* KCPhotoBrowserTests.m */; };
		0713FC351D600EAC0057A15B /* KCPhotoBrowserUITests.m in Sources */ = {isa = PBXBuildFile; fileRef = 0713FC341D600EAC0057A15B /* KCPhotoBrowserUITests.m */; };
		07B3ABD91D65A617006818DE /* AppDelegate.m in Sources */ = {isa = PBXBuildFile; fileRef = 07B3ABC11D65A617006818DE /* AppDelegate.m */; };
		07B3ABDA1D65A617006818DE /* Assets.xcassets in Resources */ = {isa = PBXBuildFile; fileRef = 07B3ABC21D65A617006818DE /* Assets.xcassets */; };
		07B3ABDB1D65A617006818DE /* LaunchScreen.storyboard in Resources */ = {isa = PBXBuildFile; fileRef = 07B3ABC41D65A617006818DE /* LaunchScreen.storyboard */; };
		07B3ABDC1D65A617006818DE /* Main.storyboard in Resources */ = {isa = PBXBuildFile; fileRef = 07B3ABC61D65A617006818DE /* Main.storyboard */; };
		07B3ABDE1D65A617006818DE /* Info.plist in Resources */ = {isa = PBXBuildFile; fileRef = 07B3ABCA1D65A617006818DE /* Info.plist */; };
		07B3ABDF1D65A617006818DE /* KCPhotoSelection.m in Sources */ = {isa = PBXBuildFile; fileRef = 07B3ABCC1D65A617006818DE /* KCPhotoSelection.m */; };
		07B3ABE01D65A617006818DE /* KCPhotoSelectionCell.m in Sources */ = {isa = PBXBuildFile; fileRef = 07B3ABCE1D65A617006818DE /* KCPhotoSelectionCell.m */; };
		07B3ABE11D65A617006818DE /* main.m in Sources */ = {isa = PBXBuildFile; fileRef = 07B3ABCF1D65A617006818DE /* main.m */; };
		07B3ABE21D65A617006818DE /* KCPhotoAction.m in Sources */ = {isa = PBXBuildFile; fileRef = 07B3ABD21D65A617006818DE /* KCPhotoAction.m */; };
		07B3ABE31D65A617006818DE /* KCPhotoActionController.m in Sources */ = {isa = PBXBuildFile; fileRef = 07B3ABD41D65A617006818DE /* KCPhotoActionController.m */; };
		07B3ABE41D65A617006818DE /* KCPhotoActionView.m in Sources */ = {isa = PBXBuildFile; fileRef = 07B3ABD61D65A617006818DE /* KCPhotoActionView.m */; };
		07B3ABE51D65A617006818DE /* ViewController.m in Sources */ = {isa = PBXBuildFile; fileRef = 07B3ABD81D65A617006818DE /* ViewController.m */; };
		07B3ABF41D65A62A006818DE /* KCPhoto.m in Sources */ = {isa = PBXBuildFile; fileRef = 07B3ABE81D65A62A006818DE /* KCPhoto.m */; };
		07B3ABF51D65A62A006818DE /* KCPhotoBrowser.m in Sources */ = {isa = PBXBuildFile; fileRef = 07B3ABEA1D65A62A006818DE /* KCPhotoBrowser.m */; };
		07B3ABF61D65A62A006818DE /* KCPhotoBrowserCell.m in Sources */ = {isa = PBXBuildFile; fileRef = 07B3ABEC1D65A62A006818DE /* KCPhotoBrowserCell.m */; };
		07B3ABF71D65A62A006818DE /* KCPhotoProgressView.m in Sources */ = {isa = PBXBuildFile; fileRef = 07B3ABEE1D65A62A006818DE /* KCPhotoProgressView.m */; };
		07B3ABF81D65A62A006818DE /* KCPhotoTransition.m in Sources */ = {isa = PBXBuildFile; fileRef = 07B3ABF01D65A62A006818DE /* KCPhotoTransition.m */; };
		07B3ABFA1D65A62A006818DE /* UIImage+KCPhoto.m in Sources */ = {isa = PBXBuildFile; fileRef = 07B3ABF31D65A62A006818DE /* UIImage+KCPhoto.m */; };
		07B3ABFE1D65B8CF006818DE /* icon_action@2x.png in Resources */ = {isa = PBXBuildFile; fileRef = 07B3ABFC1D65B8CF006818DE /* icon_action@2x.png */; };
		07B3ABFF1D65B8CF006818DE /* icon_action@3x.png in Resources */ = {isa = PBXBuildFile; fileRef = 07B3ABFD1D65B8CF006818DE /* icon_action@3x.png */; };
		4A10B0BF75052AD6B3817286 /* Pods_KCPhotoBrowserTests.framework in Frameworks */ = {isa = PBXBuildFile; fileRef = BBAF73BA017F6613EDDB3F97 /* Pods_KCPhotoBrowserTests.framework */; };
		75B7E64FD7BDCA7DC9EFF925 /* Pods_KCPhotoBrowser.framework in Frameworks */ = {isa = PBXBuildFile; fileRef = 3E719AA6D8F7654E93D5013F /* Pods_KCPhotoBrowser.framework */; };
		A02F94FBC794A89C4206D540 /* Pods_KCPhotoBrowserUITests.framework in Frameworks */ = {isa = PBXBuildFile; fileRef = 141C7364E375CB30A886102C /* Pods_KCPhotoBrowserUITests.framework */; };
/* End PBXBuildFile section */

/* Begin PBXContainerItemProxy section */
		0713FC261D600EAC0057A15B /* PBXContainerItemProxy */ = {
			isa = PBXContainerItemProxy;
			containerPortal = 0713FC041D600EAC0057A15B /* Project object */;
			proxyType = 1;
			remoteGlobalIDString = 0713FC0B1D600EAC0057A15B;
			remoteInfo = KCPhotoBrowser;
		};
		0713FC311D600EAC0057A15B /* PBXContainerItemProxy */ = {
			isa = PBXContainerItemProxy;
			containerPortal = 0713FC041D600EAC0057A15B /* Project object */;
			proxyType = 1;
			remoteGlobalIDString = 0713FC0B1D600EAC0057A15B;
			remoteInfo = KCPhotoBrowser;
		};
/* End PBXContainerItemProxy section */

/* Begin PBXFileReference section */
		0713FC0C1D600EAC0057A15B /* KCPhotoBrowser.app */ = {isa = PBXFileReference; explicitFileType = wrapper.application; includeInIndex = 0; path = KCPhotoBrowser.app; sourceTree = BUILT_PRODUCTS_DIR; };
		0713FC251D600EAC0057A15B /* KCPhotoBrowserTests.xctest */ = {isa = PBXFileReference; explicitFileType = wrapper.cfbundle; includeInIndex = 0; path = KCPhotoBrowserTests.xctest; sourceTree = BUILT_PRODUCTS_DIR; };
		0713FC291D600EAC0057A15B /* KCPhotoBrowserTests.m */ = {isa = PBXFileReference; lastKnownFileType = sourcecode.c.objc; path = KCPhotoBrowserTests.m; sourceTree = "<group>"; };
		0713FC2B1D600EAC0057A15B /* Info.plist */ = {isa = PBXFileReference; lastKnownFileType = text.plist.xml; path = Info.plist; sourceTree = "<group>"; };
		0713FC301D600EAC0057A15B /* KCPhotoBrowserUITests.xctest */ = {isa = PBXFileReference; explicitFileType = wrapper.cfbundle; includeInIndex = 0; path = KCPhotoBrowserUITests.xctest; sourceTree = BUILT_PRODUCTS_DIR; };
		0713FC341D600EAC0057A15B /* KCPhotoBrowserUITests.m */ = {isa = PBXFileReference; lastKnownFileType = sourcecode.c.objc; path = KCPhotoBrowserUITests.m; sourceTree = "<group>"; };
		0713FC361D600EAC0057A15B /* Info.plist */ = {isa = PBXFileReference; lastKnownFileType = text.plist.xml; path = Info.plist; sourceTree = "<group>"; };
		07B3ABC01D65A617006818DE /* AppDelegate.h */ = {isa = PBXFileReference; fileEncoding = 4; lastKnownFileType = sourcecode.c.h; path = AppDelegate.h; sourceTree = "<group>"; };
		07B3ABC11D65A617006818DE /* AppDelegate.m */ = {isa = PBXFileReference; fileEncoding = 4; lastKnownFileType = sourcecode.c.objc; path = AppDelegate.m; sourceTree = "<group>"; };
		07B3ABC21D65A617006818DE /* Assets.xcassets */ = {isa = PBXFileReference; lastKnownFileType = folder.assetcatalog; path = Assets.xcassets; sourceTree = "<group>"; };
		07B3ABC51D65A617006818DE /* Base */ = {isa = PBXFileReference; lastKnownFileType = file.storyboard; name = Base; path = LaunchScreen.storyboard; sourceTree = "<group>"; };
		07B3ABC71D65A617006818DE /* Base */ = {isa = PBXFileReference; lastKnownFileType = file.storyboard; name = Base; path = Main.storyboard; sourceTree = "<group>"; };
		07B3ABCA1D65A617006818DE /* Info.plist */ = {isa = PBXFileReference; fileEncoding = 4; lastKnownFileType = text.plist.xml; path = Info.plist; sourceTree = "<group>"; };
		07B3ABCB1D65A617006818DE /* KCPhotoSelection.h */ = {isa = PBXFileReference; fileEncoding = 4; lastKnownFileType = sourcecode.c.h; path = KCPhotoSelection.h; sourceTree = "<group>"; };
		07B3ABCC1D65A617006818DE /* KCPhotoSelection.m */ = {isa = PBXFileReference; fileEncoding = 4; lastKnownFileType = sourcecode.c.objc; path = KCPhotoSelection.m; sourceTree = "<group>"; };
		07B3ABCD1D65A617006818DE /* KCPhotoSelectionCell.h */ = {isa = PBXFileReference; fileEncoding = 4; lastKnownFileType = sourcecode.c.h; path = KCPhotoSelectionCell.h; sourceTree = "<group>"; };
		07B3ABCE1D65A617006818DE /* KCPhotoSelectionCell.m */ = {isa = PBXFileReference; fileEncoding = 4; lastKnownFileType = sourcecode.c.objc; path = KCPhotoSelectionCell.m; sourceTree = "<group>"; };
		07B3ABCF1D65A617006818DE /* main.m */ = {isa = PBXFileReference; fileEncoding = 4; lastKnownFileType = sourcecode.c.objc; path = main.m; sourceTree = "<group>"; };
		07B3ABD11D65A617006818DE /* KCPhotoAction.h */ = {isa = PBXFileReference; fileEncoding = 4; lastKnownFileType = sourcecode.c.h; path = KCPhotoAction.h; sourceTree = "<group>"; };
		07B3ABD21D65A617006818DE /* KCPhotoAction.m */ = {isa = PBXFileReference; fileEncoding = 4; lastKnownFileType = sourcecode.c.objc; path = KCPhotoAction.m; sourceTree = "<group>"; };
		07B3ABD31D65A617006818DE /* KCPhotoActionController.h */ = {isa = PBXFileReference; fileEncoding = 4; lastKnownFileType = sourcecode.c.h; path = KCPhotoActionController.h; sourceTree = "<group>"; };
		07B3ABD41D65A617006818DE /* KCPhotoActionController.m */ = {isa = PBXFileReference; fileEncoding = 4; lastKnownFileType = sourcecode.c.objc; path = KCPhotoActionController.m; sourceTree = "<group>"; };
		07B3ABD51D65A617006818DE /* KCPhotoActionView.h */ = {isa = PBXFileReference; fileEncoding = 4; lastKnownFileType = sourcecode.c.h; path = KCPhotoActionView.h; sourceTree = "<group>"; };
		07B3ABD61D65A617006818DE /* KCPhotoActionView.m */ = {isa = PBXFileReference; fileEncoding = 4; lastKnownFileType = sourcecode.c.objc; path = KCPhotoActionView.m; sourceTree = "<group>"; };
		07B3ABD71D65A617006818DE /* ViewController.h */ = {isa = PBXFileReference; fileEncoding = 4; lastKnownFileType = sourcecode.c.h; path = ViewController.h; sourceTree = "<group>"; };
		07B3ABD81D65A617006818DE /* ViewController.m */ = {isa = PBXFileReference; fileEncoding = 4; lastKnownFileType = sourcecode.c.objc; path = ViewController.m; sourceTree = "<group>"; };
		07B3ABE71D65A62A006818DE /* KCPhoto.h */ = {isa = PBXFileReference; fileEncoding = 4; lastKnownFileType = sourcecode.c.h; path = KCPhoto.h; sourceTree = "<group>"; };
		07B3ABE81D65A62A006818DE /* KCPhoto.m */ = {isa = PBXFileReference; fileEncoding = 4; lastKnownFileType = sourcecode.c.objc; path = KCPhoto.m; sourceTree = "<group>"; };
		07B3ABE91D65A62A006818DE /* KCPhotoBrowser.h */ = {isa = PBXFileReference; fileEncoding = 4; lastKnownFileType = sourcecode.c.h; path = KCPhotoBrowser.h; sourceTree = "<group>"; };
		07B3ABEA1D65A62A006818DE /* KCPhotoBrowser.m */ = {isa = PBXFileReference; fileEncoding = 4; lastKnownFileType = sourcecode.c.objc; path = KCPhotoBrowser.m; sourceTree = "<group>"; };
		07B3ABEB1D65A62A006818DE /* KCPhotoBrowserCell.h */ = {isa = PBXFileReference; fileEncoding = 4; lastKnownFileType = sourcecode.c.h; path = KCPhotoBrowserCell.h; sourceTree = "<group>"; };
		07B3ABEC1D65A62A006818DE /* KCPhotoBrowserCell.m */ = {isa = PBXFileReference; fileEncoding = 4; lastKnownFileType = sourcecode.c.objc; path = KCPhotoBrowserCell.m; sourceTree = "<group>"; };
		07B3ABED1D65A62A006818DE /* KCPhotoProgressView.h */ = {isa = PBXFileReference; fileEncoding = 4; lastKnownFileType = sourcecode.c.h; path = KCPhotoProgressView.h; sourceTree = "<group>"; };
		07B3ABEE1D65A62A006818DE /* KCPhotoProgressView.m */ = {isa = PBXFileReference; fileEncoding = 4; lastKnownFileType = sourcecode.c.objc; path = KCPhotoProgressView.m; sourceTree = "<group>"; };
		07B3ABEF1D65A62A006818DE /* KCPhotoTransition.h */ = {isa = PBXFileReference; fileEncoding = 4; lastKnownFileType = sourcecode.c.h; path = KCPhotoTransition.h; sourceTree = "<group>"; };
		07B3ABF01D65A62A006818DE /* KCPhotoTransition.m */ = {isa = PBXFileReference; fileEncoding = 4; lastKnownFileType = sourcecode.c.objc; path = KCPhotoTransition.m; sourceTree = "<group>"; };
		07B3ABF21D65A62A006818DE /* UIImage+KCPhoto.h */ = {isa = PBXFileReference; fileEncoding = 4; lastKnownFileType = sourcecode.c.h; path = "UIImage+KCPhoto.h"; sourceTree = "<group>"; };
		07B3ABF31D65A62A006818DE /* UIImage+KCPhoto.m */ = {isa = PBXFileReference; fileEncoding = 4; lastKnownFileType = sourcecode.c.objc; path = "UIImage+KCPhoto.m"; sourceTree = "<group>"; };
		07B3ABFC1D65B8CF006818DE /* icon_action@2x.png */ = {isa = PBXFileReference; lastKnownFileType = image.png; path = "icon_action@2x.png"; sourceTree = "<group>"; };
		07B3ABFD1D65B8CF006818DE /* icon_action@3x.png */ = {isa = PBXFileReference; lastKnownFileType = image.png; path = "icon_action@3x.png"; sourceTree = "<group>"; };
		13184F557F9AA1E4978C60C7 /* Pods-KCPhotoBrowserTests.release.xcconfig */ = {isa = PBXFileReference; includeInIndex = 1; lastKnownFileType = text.xcconfig; name = "Pods-KCPhotoBrowserTests.release.xcconfig"; path = "Pods/Target Support Files/Pods-KCPhotoBrowserTests/Pods-KCPhotoBrowserTests.release.xcconfig"; sourceTree = "<group>"; };
		141C7364E375CB30A886102C /* Pods_KCPhotoBrowserUITests.framework */ = {isa = PBXFileReference; explicitFileType = wrapper.framework; includeInIndex = 0; path = Pods_KCPhotoBrowserUITests.framework; sourceTree = BUILT_PRODUCTS_DIR; };
		1A1BE8EC0352C1A16B9D5CC8 /* Pods-KCPhotoBrowserUITests.release.xcconfig */ = {isa = PBXFileReference; includeInIndex = 1; lastKnownFileType = text.xcconfig; name = "Pods-KCPhotoBrowserUITests.release.xcconfig"; path = "Pods/Target Support Files/Pods-KCPhotoBrowserUITests/Pods-KCPhotoBrowserUITests.release.xcconfig"; sourceTree = "<group>"; };
		3E719AA6D8F7654E93D5013F /* Pods_KCPhotoBrowser.framework */ = {isa = PBXFileReference; explicitFileType = wrapper.framework; includeInIndex = 0; path = Pods_KCPhotoBrowser.framework; sourceTree = BUILT_PRODUCTS_DIR; };
		7DDF09C7A440A4CE722184DB /* Pods-KCPhotoBrowser.debug.xcconfig */ = {isa = PBXFileReference; includeInIndex = 1; lastKnownFileType = text.xcconfig; name = "Pods-KCPhotoBrowser.debug.xcconfig"; path = "Pods/Target Support Files/Pods-KCPhotoBrowser/Pods-KCPhotoBrowser.debug.xcconfig"; sourceTree = "<group>"; };
		AE9E035A00BDDDCB233BF8A8 /* Pods-KCPhotoBrowserTests.debug.xcconfig */ = {isa = PBXFileReference; includeInIndex = 1; lastKnownFileType = text.xcconfig; name = "Pods-KCPhotoBrowserTests.debug.xcconfig"; path = "Pods/Target Support Files/Pods-KCPhotoBrowserTests/Pods-KCPhotoBrowserTests.debug.xcconfig"; sourceTree = "<group>"; };
		BBAF73BA017F6613EDDB3F97 /* Pods_KCPhotoBrowserTests.framework */ = {isa = PBXFileReference; explicitFileType = wrapper.framework; includeInIndex = 0; path = Pods_KCPhotoBrowserTests.framework; sourceTree = BUILT_PRODUCTS_DIR; };
		EC5FD729648EAE56F838DAA6 /* Pods-KCPhotoBrowser.release.xcconfig */ = {isa = PBXFileReference; includeInIndex = 1; lastKnownFileType = text.xcconfig; name = "Pods-KCPhotoBrowser.release.xcconfig"; path = "Pods/Target Support Files/Pods-KCPhotoBrowser/Pods-KCPhotoBrowser.release.xcconfig"; sourceTree = "<group>"; };
		F01F79A09D005E23FB04EEB5 /* Pods-KCPhotoBrowserUITests.debug.xcconfig */ = {isa = PBXFileReference; includeInIndex = 1; lastKnownFileType = text.xcconfig; name = "Pods-KCPhotoBrowserUITests.debug.xcconfig"; path = "Pods/Target Support Files/Pods-KCPhotoBrowserUITests/Pods-KCPhotoBrowserUITests.debug.xcconfig"; sourceTree = "<group>"; };
/* End PBXFileReference section */

/* Begin PBXFrameworksBuildPhase section */
		0713FC091D600EAC0057A15B /* Frameworks */ = {
			isa = PBXFrameworksBuildPhase;
			buildActionMask = 2147483647;
			files = (
				75B7E64FD7BDCA7DC9EFF925 /* Pods_KCPhotoBrowser.framework in Frameworks */,
			);
			runOnlyForDeploymentPostprocessing = 0;
		};
		0713FC221D600EAC0057A15B /* Frameworks */ = {
			isa = PBXFrameworksBuildPhase;
			buildActionMask = 2147483647;
			files = (
				4A10B0BF75052AD6B3817286 /* Pods_KCPhotoBrowserTests.framework in Frameworks */,
			);
			runOnlyForDeploymentPostprocessing = 0;
		};
		0713FC2D1D600EAC0057A15B /* Frameworks */ = {
			isa = PBXFrameworksBuildPhase;
			buildActionMask = 2147483647;
			files = (
				A02F94FBC794A89C4206D540 /* Pods_KCPhotoBrowserUITests.framework in Frameworks */,
			);
			runOnlyForDeploymentPostprocessing = 0;
		};
/* End PBXFrameworksBuildPhase section */

/* Begin PBXGroup section */
		0713FC031D600EAC0057A15B = {
			isa = PBXGroup;
			children = (
				0713FC0E1D600EAC0057A15B /* KCPhotoBrowser */,
				0713FC281D600EAC0057A15B /* KCPhotoBrowserTests */,
				0713FC331D600EAC0057A15B /* KCPhotoBrowserUITests */,
				0713FC0D1D600EAC0057A15B /* Products */,
				C7EAE9EFD27DB85F57CFE5FC /* Pods */,
				5B409906B5A352E4C96D6476 /* Frameworks */,
			);
			sourceTree = "<group>";
		};
		0713FC0D1D600EAC0057A15B /* Products */ = {
			isa = PBXGroup;
			children = (
				0713FC0C1D600EAC0057A15B /* KCPhotoBrowser.app */,
				0713FC251D600EAC0057A15B /* KCPhotoBrowserTests.xctest */,
				0713FC301D600EAC0057A15B /* KCPhotoBrowserUITests.xctest */,
			);
			name = Products;
			sourceTree = "<group>";
		};
		0713FC0E1D600EAC0057A15B /* KCPhotoBrowser */ = {
			isa = PBXGroup;
			children = (
				07B3ABFB1D65B8CF006818DE /* Resource */,
				07B3ABE61D65A62A006818DE /* KCPhotoBrowser */,
				07B3ABC01D65A617006818DE /* AppDelegate.h */,
				07B3ABC11D65A617006818DE /* AppDelegate.m */,
				07B3ABC21D65A617006818DE /* Assets.xcassets */,
				07B3ABC31D65A617006818DE /* Base.lproj */,
				07B3ABCA1D65A617006818DE /* Info.plist */,
				07B3ABCB1D65A617006818DE /* KCPhotoSelection.h */,
				07B3ABCC1D65A617006818DE /* KCPhotoSelection.m */,
				07B3ABCD1D65A617006818DE /* KCPhotoSelectionCell.h */,
				07B3ABCE1D65A617006818DE /* KCPhotoSelectionCell.m */,
				07B3ABCF1D65A617006818DE /* main.m */,
				07B3ABD01D65A617006818DE /* Other */,
				07B3ABD71D65A617006818DE /* ViewController.h */,
				07B3ABD81D65A617006818DE /* ViewController.m */,
				0713FC0F1D600EAC0057A15B /* Supporting Files */,
			);
			path = KCPhotoBrowser;
			sourceTree = "<group>";
		};
		0713FC0F1D600EAC0057A15B /* Supporting Files */ = {
			isa = PBXGroup;
			children = (
			);
			name = "Supporting Files";
			sourceTree = "<group>";
		};
		0713FC281D600EAC0057A15B /* KCPhotoBrowserTests */ = {
			isa = PBXGroup;
			children = (
				0713FC291D600EAC0057A15B /* KCPhotoBrowserTests.m */,
				0713FC2B1D600EAC0057A15B /* Info.plist */,
			);
			path = KCPhotoBrowserTests;
			sourceTree = "<group>";
		};
		0713FC331D600EAC0057A15B /* KCPhotoBrowserUITests */ = {
			isa = PBXGroup;
			children = (
				0713FC341D600EAC0057A15B /* KCPhotoBrowserUITests.m */,
				0713FC361D600EAC0057A15B /* Info.plist */,
			);
			path = KCPhotoBrowserUITests;
			sourceTree = "<group>";
		};
		07B3ABC31D65A617006818DE /* Base.lproj */ = {
			isa = PBXGroup;
			children = (
				07B3ABC41D65A617006818DE /* LaunchScreen.storyboard */,
				07B3ABC61D65A617006818DE /* Main.storyboard */,
			);
			path = Base.lproj;
			sourceTree = "<group>";
		};
		07B3ABD01D65A617006818DE /* Other */ = {
			isa = PBXGroup;
			children = (
				07B3ABD11D65A617006818DE /* KCPhotoAction.h */,
				07B3ABD21D65A617006818DE /* KCPhotoAction.m */,
				07B3ABD31D65A617006818DE /* KCPhotoActionController.h */,
				07B3ABD41D65A617006818DE /* KCPhotoActionController.m */,
				07B3ABD51D65A617006818DE /* KCPhotoActionView.h */,
				07B3ABD61D65A617006818DE /* KCPhotoActionView.m */,
			);
			path = Other;
			sourceTree = "<group>";
		};
		07B3ABE61D65A62A006818DE /* KCPhotoBrowser */ = {
			isa = PBXGroup;
			children = (
				07B3ABE71D65A62A006818DE /* KCPhoto.h */,
				07B3ABE81D65A62A006818DE /* KCPhoto.m */,
				07B3ABE91D65A62A006818DE /* KCPhotoBrowser.h */,
				07B3ABEA1D65A62A006818DE /* KCPhotoBrowser.m */,
				07B3ABEB1D65A62A006818DE /* KCPhotoBrowserCell.h */,
				07B3ABEC1D65A62A006818DE /* KCPhotoBrowserCell.m */,
				07B3ABED1D65A62A006818DE /* KCPhotoProgressView.h */,
				07B3ABEE1D65A62A006818DE /* KCPhotoProgressView.m */,
				07B3ABEF1D65A62A006818DE /* KCPhotoTransition.h */,
				07B3ABF01D65A62A006818DE /* KCPhotoTransition.m */,
				07B3ABF21D65A62A006818DE /* UIImage+KCPhoto.h */,
				07B3ABF31D65A62A006818DE /* UIImage+KCPhoto.m */,
			);
			name = KCPhotoBrowser;
			path = ../../KCPhotoBrowser;
			sourceTree = "<group>";
		};
		07B3ABFB1D65B8CF006818DE /* Resource */ = {
			isa = PBXGroup;
			children = (
				07B3ABFC1D65B8CF006818DE /* icon_action@2x.png */,
				07B3ABFD1D65B8CF006818DE /* icon_action@3x.png */,
			);
			name = Resource;
			path = ../../Resource;
			sourceTree = "<group>";
		};
		5B409906B5A352E4C96D6476 /* Frameworks */ = {
			isa = PBXGroup;
			children = (
				3E719AA6D8F7654E93D5013F /* Pods_KCPhotoBrowser.framework */,
				BBAF73BA017F6613EDDB3F97 /* Pods_KCPhotoBrowserTests.framework */,
				141C7364E375CB30A886102C /* Pods_KCPhotoBrowserUITests.framework */,
			);
			name = Frameworks;
			sourceTree = "<group>";
		};
		C7EAE9EFD27DB85F57CFE5FC /* Pods */ = {
			isa = PBXGroup;
			children = (
				7DDF09C7A440A4CE722184DB /* Pods-KCPhotoBrowser.debug.xcconfig */,
				EC5FD729648EAE56F838DAA6 /* Pods-KCPhotoBrowser.release.xcconfig */,
				AE9E035A00BDDDCB233BF8A8 /* Pods-KCPhotoBrowserTests.debug.xcconfig */,
				13184F557F9AA1E4978C60C7 /* Pods-KCPhotoBrowserTests.release.xcconfig */,
				F01F79A09D005E23FB04EEB5 /* Pods-KCPhotoBrowserUITests.debug.xcconfig */,
				1A1BE8EC0352C1A16B9D5CC8 /* Pods-KCPhotoBrowserUITests.release.xcconfig */,
			);
			name = Pods;
			sourceTree = "<group>";
		};
/* End PBXGroup section */

/* Begin PBXNativeTarget section */
		0713FC0B1D600EAC0057A15B /* KCPhotoBrowser */ = {
			isa = PBXNativeTarget;
			buildConfigurationList = 0713FC391D600EAC0057A15B /* Build configuration list for PBXNativeTarget "KCPhotoBrowser" */;
			buildPhases = (
				8DE06194A036F577A974BF3B /* [CP] Check Pods Manifest.lock */,
				0713FC081D600EAC0057A15B /* Sources */,
				0713FC091D600EAC0057A15B /* Frameworks */,
				0713FC0A1D600EAC0057A15B /* Resources */,
				4C3AE930F9E8177C6CBAD581 /* [CP] Embed Pods Frameworks */,
				A09E601C1F3B491F5128EF84 /* [CP] Copy Pods Resources */,
			);
			buildRules = (
			);
			dependencies = (
			);
			name = KCPhotoBrowser;
			productName = KCPhotoBrowser;
			productReference = 0713FC0C1D600EAC0057A15B /* KCPhotoBrowser.app */;
			productType = "com.apple.product-type.application";
		};
		0713FC241D600EAC0057A15B /* KCPhotoBrowserTests */ = {
			isa = PBXNativeTarget;
			buildConfigurationList = 0713FC3C1D600EAC0057A15B /* Build configuration list for PBXNativeTarget "KCPhotoBrowserTests" */;
			buildPhases = (
				A2E457E2E59DBFD70A28C5B7 /* [CP] Check Pods Manifest.lock */,
				0713FC211D600EAC0057A15B /* Sources */,
				0713FC221D600EAC0057A15B /* Frameworks */,
				0713FC231D600EAC0057A15B /* Resources */,
				50A1937B5D399039F6A078EC /* [CP] Embed Pods Frameworks */,
				42716BD15BF6FB2811646B7B /* [CP] Copy Pods Resources */,
			);
			buildRules = (
			);
			dependencies = (
				0713FC271D600EAC0057A15B /* PBXTargetDependency */,
			);
			name = KCPhotoBrowserTests;
			productName = KCPhotoBrowserTests;
			productReference = 0713FC251D600EAC0057A15B /* KCPhotoBrowserTests.xctest */;
			productType = "com.apple.product-type.bundle.unit-test";
		};
		0713FC2F1D600EAC0057A15B /* KCPhotoBrowserUITests */ = {
			isa = PBXNativeTarget;
			buildConfigurationList = 0713FC3F1D600EAC0057A15B /* Build configuration list for PBXNativeTarget "KCPhotoBrowserUITests" */;
			buildPhases = (
				C57DDF078974647B56ED6D30 /* [CP] Check Pods Manifest.lock */,
				0713FC2C1D600EAC0057A15B /* Sources */,
				0713FC2D1D600EAC0057A15B /* Frameworks */,
				0713FC2E1D600EAC0057A15B /* Resources */,
				4C9D1A181C0969B9944DC920 /* [CP] Embed Pods Frameworks */,
				42632BBD558B6B7F0C8BAC65 /* [CP] Copy Pods Resources */,
			);
			buildRules = (
			);
			dependencies = (
				0713FC321D600EAC0057A15B /* PBXTargetDependency */,
			);
			name = KCPhotoBrowserUITests;
			productName = KCPhotoBrowserUITests;
			productReference = 0713FC301D600EAC0057A15B /* KCPhotoBrowserUITests.xctest */;
			productType = "com.apple.product-type.bundle.ui-testing";
		};
/* End PBXNativeTarget section */

/* Begin PBXProject section */
		0713FC041D600EAC0057A15B /* Project object */ = {
			isa = PBXProject;
			attributes = {
				LastUpgradeCheck = 0730;
				ORGANIZATIONNAME = Erica;
				TargetAttributes = {
					0713FC0B1D600EAC0057A15B = {
						CreatedOnToolsVersion = 7.3.1;
						DevelopmentTeam = 2Y52UEM99S;
					};
					0713FC241D600EAC0057A15B = {
						CreatedOnToolsVersion = 7.3.1;
						DevelopmentTeam = 2Y52UEM99S;
						TestTargetID = 0713FC0B1D600EAC0057A15B;
					};
					0713FC2F1D600EAC0057A15B = {
						CreatedOnToolsVersion = 7.3.1;
						DevelopmentTeam = 2Y52UEM99S;
						TestTargetID = 0713FC0B1D600EAC0057A15B;
					};
				};
			};
			buildConfigurationList = 0713FC071D600EAC0057A15B /* Build configuration list for PBXProject "KCPhotoBrowser" */;
			compatibilityVersion = "Xcode 3.2";
			developmentRegion = English;
			hasScannedForEncodings = 0;
			knownRegions = (
				en,
				Base,
			);
			mainGroup = 0713FC031D600EAC0057A15B;
			productRefGroup = 0713FC0D1D600EAC0057A15B /* Products */;
			projectDirPath = "";
			projectRoot = "";
			targets = (
				0713FC0B1D600EAC0057A15B /* KCPhotoBrowser */,
				0713FC241D600EAC0057A15B /* KCPhotoBrowserTests */,
				0713FC2F1D600EAC0057A15B /* KCPhotoBrowserUITests */,
			);
		};
/* End PBXProject section */

/* Begin PBXResourcesBuildPhase section */
		0713FC0A1D600EAC0057A15B /* Resources */ = {
			isa = PBXResourcesBuildPhase;
			buildActionMask = 2147483647;
			files = (
				07B3ABDE1D65A617006818DE /* Info.plist in Resources */,
				07B3ABDC1D65A617006818DE /* Main.storyboard in Resources */,
				07B3ABFF1D65B8CF006818DE /* icon_action@3x.png in Resources */,
				07B3ABDA1D65A617006818DE /* Assets.xcassets in Resources */,
				07B3ABFE1D65B8CF006818DE /* icon_action@2x.png in Resources */,
				07B3ABDB1D65A617006818DE /* LaunchScreen.storyboard in Resources */,
			);
			runOnlyForDeploymentPostprocessing = 0;
		};
		0713FC231D600EAC0057A15B /* Resources */ = {
			isa = PBXResourcesBuildPhase;
			buildActionMask = 2147483647;
			files = (
			);
			runOnlyForDeploymentPostprocessing = 0;
		};
		0713FC2E1D600EAC0057A15B /* Resources */ = {
			isa = PBXResourcesBuildPhase;
			buildActionMask = 2147483647;
			files = (
			);
			runOnlyForDeploymentPostprocessing = 0;
		};
/* End PBXResourcesBuildPhase section */

/* Begin PBXShellScriptBuildPhase section */
		42632BBD558B6B7F0C8BAC65 /* [CP] Copy Pods Resources */ = {
			isa = PBXShellScriptBuildPhase;
			buildActionMask = 2147483647;
			files = (
			);
			inputPaths = (
			);
			name = "[CP] Copy Pods Resources";
			outputPaths = (
			);
			runOnlyForDeploymentPostprocessing = 0;
			shellPath = /bin/sh;
			shellScript = "\"${SRCROOT}/Pods/Target Support Files/Pods-KCPhotoBrowserUITests/Pods-KCPhotoBrowserUITests-resources.sh\"\n";
			showEnvVarsInLog = 0;
		};
		42716BD15BF6FB2811646B7B /* [CP] Copy Pods Resources */ = {
			isa = PBXShellScriptBuildPhase;
			buildActionMask = 2147483647;
			files = (
			);
			inputPaths = (
			);
			name = "[CP] Copy Pods Resources";
			outputPaths = (
			);
			runOnlyForDeploymentPostprocessing = 0;
			shellPath = /bin/sh;
			shellScript = "\"${SRCROOT}/Pods/Target Support Files/Pods-KCPhotoBrowserTests/Pods-KCPhotoBrowserTests-resources.sh\"\n";
			showEnvVarsInLog = 0;
		};
		4C3AE930F9E8177C6CBAD581 /* [CP] Embed Pods Frameworks */ = {
			isa = PBXShellScriptBuildPhase;
			buildActionMask = 2147483647;
			files = (
			);
			inputPaths = (
			);
			name = "[CP] Embed Pods Frameworks";
			outputPaths = (
			);
			runOnlyForDeploymentPostprocessing = 0;
			shellPath = /bin/sh;
			shellScript = "\"${SRCROOT}/Pods/Target Support Files/Pods-KCPhotoBrowser/Pods-KCPhotoBrowser-frameworks.sh\"\n";
			showEnvVarsInLog = 0;
		};
		4C9D1A181C0969B9944DC920 /* [CP] Embed Pods Frameworks */ = {
			isa = PBXShellScriptBuildPhase;
			buildActionMask = 2147483647;
			files = (
			);
			inputPaths = (
			);
			name = "[CP] Embed Pods Frameworks";
			outputPaths = (
			);
			runOnlyForDeploymentPostprocessing = 0;
			shellPath = /bin/sh;
			shellScript = "\"${SRCROOT}/Pods/Target Support Files/Pods-KCPhotoBrowserUITests/Pods-KCPhotoBrowserUITests-frameworks.sh\"\n";
			showEnvVarsInLog = 0;
		};
		50A1937B5D399039F6A078EC /* [CP] Embed Pods Frameworks */ = {
			isa = PBXShellScriptBuildPhase;
			buildActionMask = 2147483647;
			files = (
			);
			inputPaths = (
			);
			name = "[CP] Embed Pods Frameworks";
			outputPaths = (
			);
			runOnlyForDeploymentPostprocessing = 0;
			shellPath = /bin/sh;
			shellScript = "\"${SRCROOT}/Pods/Target Support Files/Pods-KCPhotoBrowserTests/Pods-KCPhotoBrowserTests-frameworks.sh\"\n";
			showEnvVarsInLog = 0;
		};
		8DE06194A036F577A974BF3B /* [CP] Check Pods Manifest.lock */ = {
			isa = PBXShellScriptBuildPhase;
			buildActionMask = 2147483647;
			files = (
			);
			inputPaths = (
			);
			name = "[CP] Check Pods Manifest.lock";
			outputPaths = (
			);
			runOnlyForDeploymentPostprocessing = 0;
			shellPath = /bin/sh;
			shellScript = "diff \"${PODS_ROOT}/../Podfile.lock\" \"${PODS_ROOT}/Manifest.lock\" > /dev/null\nif [ $? != 0 ] ; then\n    # print error to STDERR\n    echo \"error: The sandbox is not in sync with the Podfile.lock. Run 'pod install' or update your CocoaPods installation.\" >&2\n    exit 1\nfi\n";
			showEnvVarsInLog = 0;
		};
		A09E601C1F3B491F5128EF84 /* [CP] Copy Pods Resources */ = {
			isa = PBXShellScriptBuildPhase;
			buildActionMask = 2147483647;
			files = (
			);
			inputPaths = (
			);
			name = "[CP] Copy Pods Resources";
			outputPaths = (
			);
			runOnlyForDeploymentPostprocessing = 0;
			shellPath = /bin/sh;
			shellScript = "\"${SRCROOT}/Pods/Target Support Files/Pods-KCPhotoBrowser/Pods-KCPhotoBrowser-resources.sh\"\n";
			showEnvVarsInLog = 0;
		};
		A2E457E2E59DBFD70A28C5B7 /* [CP] Check Pods Manifest.lock */ = {
			isa = PBXShellScriptBuildPhase;
			buildActionMask = 2147483647;
			files = (
			);
			inputPaths = (
			);
			name = "[CP] Check Pods Manifest.lock";
			outputPaths = (
			);
			runOnlyForDeploymentPostprocessing = 0;
			shellPath = /bin/sh;
			shellScript = "diff \"${PODS_ROOT}/../Podfile.lock\" \"${PODS_ROOT}/Manifest.lock\" > /dev/null\nif [ $? != 0 ] ; then\n    # print error to STDERR\n    echo \"error: The sandbox is not in sync with the Podfile.lock. Run 'pod install' or update your CocoaPods installation.\" >&2\n    exit 1\nfi\n";
			showEnvVarsInLog = 0;
		};
		C57DDF078974647B56ED6D30 /* [CP] Check Pods Manifest.lock */ = {
			isa = PBXShellScriptBuildPhase;
			buildActionMask = 2147483647;
			files = (
			);
			inputPaths = (
			);
			name = "[CP] Check Pods Manifest.lock";
			outputPaths = (
			);
			runOnlyForDeploymentPostprocessing = 0;
			shellPath = /bin/sh;
			shellScript = "diff \"${PODS_ROOT}/../Podfile.lock\" \"${PODS_ROOT}/Manifest.lock\" > /dev/null\nif [ $? != 0 ] ; then\n    # print error to STDERR\n    echo \"error: The sandbox is not in sync with the Podfile.lock. Run 'pod install' or update your CocoaPods installation.\" >&2\n    exit 1\nfi\n";
			showEnvVarsInLog = 0;
		};
/* End PBXShellScriptBuildPhase section */

/* Begin PBXSourcesBuildPhase section */
		0713FC081D600EAC0057A15B /* Sources */ = {
			isa = PBXSourcesBuildPhase;
			buildActionMask = 2147483647;
			files = (
				07B3ABE51D65A617006818DE /* ViewController.m in Sources */,
				07B3ABF51D65A62A006818DE /* KCPhotoBrowser.m in Sources */,
				07B3ABE11D65A617006818DE /* main.m in Sources */,
				07B3ABF61D65A62A006818DE /* KCPhotoBrowserCell.m in Sources */,
				07B3ABFA1D65A62A006818DE /* UIImage+KCPhoto.m in Sources */,
				07B3ABE31D65A617006818DE /* KCPhotoActionController.m in Sources */,
				07B3ABF81D65A62A006818DE /* KCPhotoTransition.m in Sources */,
				07B3ABD91D65A617006818DE /* AppDelegate.m in Sources */,
				07B3ABDF1D65A617006818DE /* KCPhotoSelection.m in Sources */,
				07B3ABF71D65A62A006818DE /* KCPhotoProgressView.m in Sources */,
				07B3ABE21D65A617006818DE /* KCPhotoAction.m in Sources */,
				07B3ABE01D65A617006818DE /* KCPhotoSelectionCell.m in Sources */,
				07B3ABF41D65A62A006818DE /* KCPhoto.m in Sources */,
				07B3ABE41D65A617006818DE /* KCPhotoActionView.m in Sources */,
			);
			runOnlyForDeploymentPostprocessing = 0;
		};
		0713FC211D600EAC0057A15B /* Sources */ = {
			isa = PBXSourcesBuildPhase;
			buildActionMask = 2147483647;
			files = (
				0713FC2A1D600EAC0057A15B /* KCPhotoBrowserTests.m in Sources */,
			);
			runOnlyForDeploymentPostprocessing = 0;
		};
		0713FC2C1D600EAC0057A15B /* Sources */ = {
			isa = PBXSourcesBuildPhase;
			buildActionMask = 2147483647;
			files = (
				0713FC351D600EAC0057A15B /* KCPhotoBrowserUITests.m in Sources */,
			);
			runOnlyForDeploymentPostprocessing = 0;
		};
/* End PBXSourcesBuildPhase section */

/* Begin PBXTargetDependency section */
		0713FC271D600EAC0057A15B /* PBXTargetDependency */ = {
			isa = PBXTargetDependency;
			target = 0713FC0B1D600EAC0057A15B /* KCPhotoBrowser */;
			targetProxy = 0713FC261D600EAC0057A15B /* PBXContainerItemProxy */;
		};
		0713FC321D600EAC0057A15B /* PBXTargetDependency */ = {
			isa = PBXTargetDependency;
			target = 0713FC0B1D600EAC0057A15B /* KCPhotoBrowser */;
			targetProxy = 0713FC311D600EAC0057A15B /* PBXContainerItemProxy */;
		};
/* End PBXTargetDependency section */

/* Begin PBXVariantGroup section */
		07B3ABC41D65A617006818DE /* LaunchScreen.storyboard */ = {
			isa = PBXVariantGroup;
			children = (
				07B3ABC51D65A617006818DE /* Base */,
			);
			name = LaunchScreen.storyboard;
			sourceTree = "<group>";
		};
		07B3ABC61D65A617006818DE /* Main.storyboard */ = {
			isa = PBXVariantGroup;
			children = (
				07B3ABC71D65A617006818DE /* Base */,
			);
			name = Main.storyboard;
			sourceTree = "<group>";
		};
/* End PBXVariantGroup section */

/* Begin XCBuildConfiguration section */
		0713FC371D600EAC0057A15B /* Debug */ = {
			isa = XCBuildConfiguration;
			buildSettings = {
				ALWAYS_SEARCH_USER_PATHS = NO;
				CLANG_ANALYZER_NONNULL = YES;
				CLANG_CXX_LANGUAGE_STANDARD = "gnu++0x";
				CLANG_CXX_LIBRARY = "libc++";
				CLANG_ENABLE_MODULES = YES;
				CLANG_ENABLE_OBJC_ARC = YES;
				CLANG_WARN_BOOL_CONVERSION = YES;
				CLANG_WARN_CONSTANT_CONVERSION = YES;
				CLANG_WARN_DIRECT_OBJC_ISA_USAGE = YES_ERROR;
				CLANG_WARN_EMPTY_BODY = YES;
				CLANG_WARN_ENUM_CONVERSION = YES;
				CLANG_WARN_INT_CONVERSION = YES;
				CLANG_WARN_OBJC_ROOT_CLASS = YES_ERROR;
				CLANG_WARN_UNREACHABLE_CODE = YES;
				CLANG_WARN__DUPLICATE_METHOD_MATCH = YES;
				"CODE_SIGN_IDENTITY[sdk=iphoneos*]" = "iPhone Developer";
				COPY_PHASE_STRIP = NO;
				DEBUG_INFORMATION_FORMAT = dwarf;
				ENABLE_STRICT_OBJC_MSGSEND = YES;
				ENABLE_TESTABILITY = YES;
				GCC_C_LANGUAGE_STANDARD = gnu99;
				GCC_DYNAMIC_NO_PIC = NO;
				GCC_NO_COMMON_BLOCKS = YES;
				GCC_OPTIMIZATION_LEVEL = 0;
				GCC_PREPROCESSOR_DEFINITIONS = (
					"DEBUG=1",
					"$(inherited)",
				);
				GCC_WARN_64_TO_32_BIT_CONVERSION = YES;
				GCC_WARN_ABOUT_RETURN_TYPE = YES_ERROR;
				GCC_WARN_UNDECLARED_SELECTOR = YES;
				GCC_WARN_UNINITIALIZED_AUTOS = YES_AGGRESSIVE;
				GCC_WARN_UNUSED_FUNCTION = YES;
				GCC_WARN_UNUSED_VARIABLE = YES;
				IPHONEOS_DEPLOYMENT_TARGET = 9.3;
				MTL_ENABLE_DEBUG_INFO = YES;
				ONLY_ACTIVE_ARCH = YES;
				SDKROOT = iphoneos;
				TARGETED_DEVICE_FAMILY = "1,2";
			};
			name = Debug;
		};
		0713FC381D600EAC0057A15B /* Release */ = {
			isa = XCBuildConfiguration;
			buildSettings = {
				ALWAYS_SEARCH_USER_PATHS = NO;
				CLANG_ANALYZER_NONNULL = YES;
				CLANG_CXX_LANGUAGE_STANDARD = "gnu++0x";
				CLANG_CXX_LIBRARY = "libc++";
				CLANG_ENABLE_MODULES = YES;
				CLANG_ENABLE_OBJC_ARC = YES;
				CLANG_WARN_BOOL_CONVERSION = YES;
				CLANG_WARN_CONSTANT_CONVERSION = YES;
				CLANG_WARN_DIRECT_OBJC_ISA_USAGE = YES_ERROR;
				CLANG_WARN_EMPTY_BODY = YES;
				CLANG_WARN_ENUM_CONVERSION = YES;
				CLANG_WARN_INT_CONVERSION = YES;
				CLANG_WARN_OBJC_ROOT_CLASS = YES_ERROR;
				CLANG_WARN_UNREACHABLE_CODE = YES;
				CLANG_WARN__DUPLICATE_METHOD_MATCH = YES;
				"CODE_SIGN_IDENTITY[sdk=iphoneos*]" = "iPhone Developer";
				COPY_PHASE_STRIP = NO;
				DEBUG_INFORMATION_FORMAT = "dwarf-with-dsym";
				ENABLE_NS_ASSERTIONS = NO;
				ENABLE_STRICT_OBJC_MSGSEND = YES;
				GCC_C_LANGUAGE_STANDARD = gnu99;
				GCC_NO_COMMON_BLOCKS = YES;
				GCC_WARN_64_TO_32_BIT_CONVERSION = YES;
				GCC_WARN_ABOUT_RETURN_TYPE = YES_ERROR;
				GCC_WARN_UNDECLARED_SELECTOR = YES;
				GCC_WARN_UNINITIALIZED_AUTOS = YES_AGGRESSIVE;
				GCC_WARN_UNUSED_FUNCTION = YES;
				GCC_WARN_UNUSED_VARIABLE = YES;
				IPHONEOS_DEPLOYMENT_TARGET = 9.3;
				MTL_ENABLE_DEBUG_INFO = NO;
				SDKROOT = iphoneos;
				TARGETED_DEVICE_FAMILY = "1,2";
				VALIDATE_PRODUCT = YES;
			};
			name = Release;
		};
		0713FC3A1D600EAC0057A15B /* Debug */ = {
			isa = XCBuildConfiguration;
			baseConfigurationReference = 7DDF09C7A440A4CE722184DB /* Pods-KCPhotoBrowser.debug.xcconfig */;
			buildSettings = {
				ASSETCATALOG_COMPILER_APPICON_NAME = AppIcon;
				CODE_SIGN_IDENTITY = "iPhone Developer";
				"CODE_SIGN_IDENTITY[sdk=iphoneos*]" = "iPhone Developer";
				INFOPLIST_FILE = KCPhotoBrowser/Info.plist;
				LD_RUNPATH_SEARCH_PATHS = "$(inherited) @executable_path/Frameworks";
				PRODUCT_BUNDLE_IDENTIFIER = com.Erica.KCPhotoBrowser;
				PRODUCT_NAME = "$(TARGET_NAME)";
				PROVISIONING_PROFILE = "";
			};
			name = Debug;
		};
		0713FC3B1D600EAC0057A15B /* Release */ = {
			isa = XCBuildConfiguration;
			baseConfigurationReference = EC5FD729648EAE56F838DAA6 /* Pods-KCPhotoBrowser.release.xcconfig */;
			buildSettings = {
				ASSETCATALOG_COMPILER_APPICON_NAME = AppIcon;
				CODE_SIGN_IDENTITY = "iPhone Developer";
				"CODE_SIGN_IDENTITY[sdk=iphoneos*]" = "iPhone Developer";
				INFOPLIST_FILE = KCPhotoBrowser/Info.plist;
				LD_RUNPATH_SEARCH_PATHS = "$(inherited) @executable_path/Frameworks";
				PRODUCT_BUNDLE_IDENTIFIER = com.Erica.KCPhotoBrowser;
				PRODUCT_NAME = "$(TARGET_NAME)";
				PROVISIONING_PROFILE = "";
			};
			name = Release;
		};
		0713FC3D1D600EAC0057A15B /* Debug */ = {
			isa = XCBuildConfiguration;
			baseConfigurationReference = AE9E035A00BDDDCB233BF8A8 /* Pods-KCPhotoBrowserTests.debug.xcconfig */;
			buildSettings = {
				BUNDLE_LOADER = "$(TEST_HOST)";
				INFOPLIST_FILE = KCPhotoBrowserTests/Info.plist;
				LD_RUNPATH_SEARCH_PATHS = "$(inherited) @executable_path/Frameworks @loader_path/Frameworks";
				PRODUCT_BUNDLE_IDENTIFIER = com.Erica.KCPhotoBrowserTests;
				PRODUCT_NAME = "$(TARGET_NAME)";
				TEST_HOST = "$(BUILT_PRODUCTS_DIR)/KCPhotoBrowser.app/KCPhotoBrowser";
			};
			name = Debug;
		};
		0713FC3E1D600EAC0057A15B /* Release */ = {
			isa = XCBuildConfiguration;
			baseConfigurationReference = 13184F557F9AA1E4978C60C7 /* Pods-KCPhotoBrowserTests.release.xcconfig */;
			buildSettings = {
				BUNDLE_LOADER = "$(TEST_HOST)";
				INFOPLIST_FILE = KCPhotoBrowserTests/Info.plist;
				LD_RUNPATH_SEARCH_PATHS = "$(inherited) @executable_path/Frameworks @loader_path/Frameworks";
				PRODUCT_BUNDLE_IDENTIFIER = com.Erica.KCPhotoBrowserTests;
				PRODUCT_NAME = "$(TARGET_NAME)";
				TEST_HOST = "$(BUILT_PRODUCTS_DIR)/KCPhotoBrowser.app/KCPhotoBrowser";
			};
			name = Release;
		};
		0713FC401D600EAC0057A15B /* Debug */ = {
			isa = XCBuildConfiguration;
			baseConfigurationReference = F01F79A09D005E23FB04EEB5 /* Pods-KCPhotoBrowserUITests.debug.xcconfig */;
			buildSettings = {
				INFOPLIST_FILE = KCPhotoBrowserUITests/Info.plist;
				LD_RUNPATH_SEARCH_PATHS = "$(inherited) @executable_path/Frameworks @loader_path/Frameworks";
				PRODUCT_BUNDLE_IDENTIFIER = com.Erica.KCPhotoBrowserUITests;
				PRODUCT_NAME = "$(TARGET_NAME)";
				TEST_TARGET_NAME = KCPhotoBrowser;
			};
			name = Debug;
		};
		0713FC411D600EAC0057A15B /* Release */ = {
			isa = XCBuildConfiguration;
			baseConfigurationReference = 1A1BE8EC0352C1A16B9D5CC8 /* Pods-KCPhotoBrowserUITests.release.xcconfig */;
			buildSettings = {
				INFOPLIST_FILE = KCPhotoBrowserUITests/Info.plist;
				LD_RUNPATH_SEARCH_PATHS = "$(inherited) @executable_path/Frameworks @loader_path/Frameworks";
				PRODUCT_BUNDLE_IDENTIFIER = com.Erica.KCPhotoBrowserUITests;
				PRODUCT_NAME = "$(TARGET_NAME)";
				TEST_TARGET_NAME = KCPhotoBrowser;
			};
			name = Release;
		};
/* End XCBuildConfiguration section */

/* Begin XCConfigurationList section */
		0713FC071D600EAC0057A15B /* Build configuration list for PBXProject "KCPhotoBrowser" */ = {
			isa = XCConfigurationList;
			buildConfigurations = (
				0713FC371D600EAC0057A15B /* Debug */,
				0713FC381D600EAC0057A15B /* Release */,
			);
			defaultConfigurationIsVisible = 0;
			defaultConfigurationName = Release;
		};
		0713FC391D600EAC0057A15B /* Build configuration list for PBXNativeTarget "KCPhotoBrowser" */ = {
			isa = XCConfigurationList;
			buildConfigurations = (
				0713FC3A1D600EAC0057A15B /* Debug */,
				0713FC3B1D600EAC0057A15B /* Release */,
			);
			defaultConfigurationIsVisible = 0;
			defaultConfigurationName = Release;
		};
		0713FC3C1D600EAC0057A15B /* Build configuration list for PBXNativeTarget "KCPhotoBrowserTests" */ = {
			isa = XCConfigurationList;
			buildConfigurations = (
				0713FC3D1D600EAC0057A15B /* Debug */,
				0713FC3E1D600EAC0057A15B /* Release */,
			);
			defaultConfigurationIsVisible = 0;
			defaultConfigurationName = Release;
		};
		0713FC3F1D600EAC0057A15B /* Build configuration list for PBXNativeTarget "KCPhotoBrowserUITests" */ = {
			isa = XCConfigurationList;
			buildConfigurations = (
				0713FC401D600EAC0057A15B /* Debug */,
				0713FC411D600EAC0057A15B /* Release */,
			);
			defaultConfigurationIsVisible = 0;
			defaultConfigurationName = Release;
		};
/* End XCConfigurationList section */
	};
	rootObject = 0713FC041D600EAC0057A15B /* Project object */;
}
